
Microsoft Visual Studio Solution File, Format Version 12.00
# Visual Studio Version 17
VisualStudioVersion = 17.7.34221.43
MinimumVisualStudioVersion = 10.0.40219.1
Project("{8BC9CEB8-8B4A-11D0-8D11-00A0C91BC942}") = "Project18", "Project18\Project18.vcxproj", "{DC3C4414-7B39-4444-A81F-9BFA328EE894}"
EndProject
Global
	GlobalSection(SolutionConfigurationPlatforms) = preSolution
		Debug|x64 = Debug|x64
		Debug|x86 = Debug|x86
		Release|x64 = Release|x64
		Release|x86 = Release|x86
	EndGlobalSection
	GlobalSection(ProjectConfigurationPlatforms) = postSolution
		{DC3C4414-7B39-4444-A81F-9BFA328EE894}.Debug|x64.ActiveCfg = Debug|x64
		{DC3C4414-7B39-4444-A81F-9BFA328EE894}.Debug|x64.Build.0 = Debug|x64
		{DC3C4414-7B39-4444-A81F-9BFA328EE894}.Debug|x86.ActiveCfg = Debug|Win32
		{DC3C4414-7B39-4444-A81F-9BFA328EE894}.Debug|x86.Build.0 = Debug|Win32
		{DC3C4414-7B39-4444-A81F-9BFA328EE894}.Release|x64.ActiveCfg = Release|x64
		{DC3C4414-7B39-4444-A81F-9BFA328EE894}.Release|x64.Build.0 = Release|x64
		{DC3C4414-7B39-4444-A81F-9BFA328EE894}.Release|x86.ActiveCfg = Release|Win32
		{DC3C4414-7B39-4444-A81F-9BFA328EE894}.Release|x86.Build.0 = Release|Win32
	EndGlobalSection
	GlobalSection(SolutionProperties) = preSolution
		HideSolutionNode = FALSE
	EndGlobalSection
	GlobalSection(ExtensibilityGlobals) = postSolution
		SolutionGuid = {865420E7-BF63-476B-8795-DE95CB00D9E1}
	EndGlobalSection
EndGlobal
