
Microsoft Visual Studio Solution File, Format Version 12.00
# Visual Studio Version 17
VisualStudioVersion = 17.7.34221.43
MinimumVisualStudioVersion = 10.0.40219.1
Project("{8BC9CEB8-8B4A-11D0-8D11-00A0C91BC942}") = "两数之和", "两数之和\两数之和.vcxproj", "{86AA7848-D73C-4DC3-9516-E9D4B89323F8}"
EndProject
Global
	GlobalSection(SolutionConfigurationPlatforms) = preSolution
		Debug|x64 = Debug|x64
		Debug|x86 = Debug|x86
		Release|x64 = Release|x64
		Release|x86 = Release|x86
	EndGlobalSection
	GlobalSection(ProjectConfigurationPlatforms) = postSolution
		{86AA7848-D73C-4DC3-9516-E9D4B89323F8}.Debug|x64.ActiveCfg = Debug|x64
		{86AA7848-D73C-4DC3-9516-E9D4B89323F8}.Debug|x64.Build.0 = Debug|x64
		{86AA7848-D73C-4DC3-9516-E9D4B89323F8}.Debug|x86.ActiveCfg = Debug|Win32
		{86AA7848-D73C-4DC3-9516-E9D4B89323F8}.Debug|x86.Build.0 = Debug|Win32
		{86AA7848-D73C-4DC3-9516-E9D4B89323F8}.Release|x64.ActiveCfg = Release|x64
		{86AA7848-D73C-4DC3-9516-E9D4B89323F8}.Release|x64.Build.0 = Release|x64
		{86AA7848-D73C-4DC3-9516-E9D4B89323F8}.Release|x86.ActiveCfg = Release|Win32
		{86AA7848-D73C-4DC3-9516-E9D4B89323F8}.Release|x86.Build.0 = Release|Win32
	EndGlobalSection
	GlobalSection(SolutionProperties) = preSolution
		HideSolutionNode = FALSE
	EndGlobalSection
	GlobalSection(ExtensibilityGlobals) = postSolution
		SolutionGuid = {34ED7405-29D2-4C67-B778-7D5452D46F57}
	EndGlobalSection
EndGlobal
