
Microsoft Visual Studio Solution File, Format Version 12.00
# Visual Studio Version 17
VisualStudioVersion = 17.7.34221.43
MinimumVisualStudioVersion = 10.0.40219.1
Project("{8BC9CEB8-8B4A-11D0-8D11-00A0C91BC942}") = "2025.12.30 斐波那契数", "2025.12.30 斐波那契数\2025.12.30 斐波那契数.vcxproj", "{3215E075-C85B-4B7A-92CA-6AF6DD813580}"
EndProject
Global
	GlobalSection(SolutionConfigurationPlatforms) = preSolution
		Debug|x64 = Debug|x64
		Debug|x86 = Debug|x86
		Release|x64 = Release|x64
		Release|x86 = Release|x86
	EndGlobalSection
	GlobalSection(ProjectConfigurationPlatforms) = postSolution
		{3215E075-C85B-4B7A-92CA-6AF6DD813580}.Debug|x64.ActiveCfg = Debug|x64
		{3215E075-C85B-4B7A-92CA-6AF6DD813580}.Debug|x64.Build.0 = Debug|x64
		{3215E075-C85B-4B7A-92CA-6AF6DD813580}.Debug|x86.ActiveCfg = Debug|Win32
		{3215E075-C85B-4B7A-92CA-6AF6DD813580}.Debug|x86.Build.0 = Debug|Win32
		{3215E075-C85B-4B7A-92CA-6AF6DD813580}.Release|x64.ActiveCfg = Release|x64
		{3215E075-C85B-4B7A-92CA-6AF6DD813580}.Release|x64.Build.0 = Release|x64
		{3215E075-C85B-4B7A-92CA-6AF6DD813580}.Release|x86.ActiveCfg = Release|Win32
		{3215E075-C85B-4B7A-92CA-6AF6DD813580}.Release|x86.Build.0 = Release|Win32
	EndGlobalSection
	GlobalSection(SolutionProperties) = preSolution
		HideSolutionNode = FALSE
	EndGlobalSection
	GlobalSection(ExtensibilityGlobals) = postSolution
		SolutionGuid = {8A4892C8-76E7-4E24-9834-8B2EBCBA0559}
	EndGlobalSection
EndGlobal
