
Microsoft Visual Studio Solution File, Format Version 12.00
# Visual Studio Version 17
VisualStudioVersion = 17.7.34221.43
MinimumVisualStudioVersion = 10.0.40219.1
Project("{8BC9CEB8-8B4A-11D0-8D11-00A0C91BC942}") = "电话号码的字母组合", "电话号码的字母组合\电话号码的字母组合.vcxproj", "{68576D3E-EB32-4AB0-BA39-D2517AD89CDE}"
EndProject
Global
	GlobalSection(SolutionConfigurationPlatforms) = preSolution
		Debug|x64 = Debug|x64
		Debug|x86 = Debug|x86
		Release|x64 = Release|x64
		Release|x86 = Release|x86
	EndGlobalSection
	GlobalSection(ProjectConfigurationPlatforms) = postSolution
		{68576D3E-EB32-4AB0-BA39-D2517AD89CDE}.Debug|x64.ActiveCfg = Debug|x64
		{68576D3E-EB32-4AB0-BA39-D2517AD89CDE}.Debug|x64.Build.0 = Debug|x64
		{68576D3E-EB32-4AB0-BA39-D2517AD89CDE}.Debug|x86.ActiveCfg = Debug|Win32
		{68576D3E-EB32-4AB0-BA39-D2517AD89CDE}.Debug|x86.Build.0 = Debug|Win32
		{68576D3E-EB32-4AB0-BA39-D2517AD89CDE}.Release|x64.ActiveCfg = Release|x64
		{68576D3E-EB32-4AB0-BA39-D2517AD89CDE}.Release|x64.Build.0 = Release|x64
		{68576D3E-EB32-4AB0-BA39-D2517AD89CDE}.Release|x86.ActiveCfg = Release|Win32
		{68576D3E-EB32-4AB0-BA39-D2517AD89CDE}.Release|x86.Build.0 = Release|Win32
	EndGlobalSection
	GlobalSection(SolutionProperties) = preSolution
		HideSolutionNode = FALSE
	EndGlobalSection
	GlobalSection(ExtensibilityGlobals) = postSolution
		SolutionGuid = {DD9DF2D5-8BA5-424C-8BD4-A7B00C2CD847}
	EndGlobalSection
EndGlobal
