
Microsoft Visual Studio Solution File, Format Version 12.00
# Visual Studio Version 17
VisualStudioVersion = 17.7.34221.43
MinimumVisualStudioVersion = 10.0.40219.1
Project("{8BC9CEB8-8B4A-11D0-8D11-00A0C91BC942}") = "2026.1.25 无重复字符的最长子串", "2026.1.25 无重复字符的最长子串\2026.1.25 无重复字符的最长子串.vcxproj", "{AB11E2DE-8363-4F69-8226-88F396CDF05F}"
EndProject
Global
	GlobalSection(SolutionConfigurationPlatforms) = preSolution
		Debug|x64 = Debug|x64
		Debug|x86 = Debug|x86
		Release|x64 = Release|x64
		Release|x86 = Release|x86
	EndGlobalSection
	GlobalSection(ProjectConfigurationPlatforms) = postSolution
		{AB11E2DE-8363-4F69-8226-88F396CDF05F}.Debug|x64.ActiveCfg = Debug|x64
		{AB11E2DE-8363-4F69-8226-88F396CDF05F}.Debug|x64.Build.0 = Debug|x64
		{AB11E2DE-8363-4F69-8226-88F396CDF05F}.Debug|x86.ActiveCfg = Debug|Win32
		{AB11E2DE-8363-4F69-8226-88F396CDF05F}.Debug|x86.Build.0 = Debug|Win32
		{AB11E2DE-8363-4F69-8226-88F396CDF05F}.Release|x64.ActiveCfg = Release|x64
		{AB11E2DE-8363-4F69-8226-88F396CDF05F}.Release|x64.Build.0 = Release|x64
		{AB11E2DE-8363-4F69-8226-88F396CDF05F}.Release|x86.ActiveCfg = Release|Win32
		{AB11E2DE-8363-4F69-8226-88F396CDF05F}.Release|x86.Build.0 = Release|Win32
	EndGlobalSection
	GlobalSection(SolutionProperties) = preSolution
		HideSolutionNode = FALSE
	EndGlobalSection
	GlobalSection(ExtensibilityGlobals) = postSolution
		SolutionGuid = {CF06439F-88BA-48E2-ADFA-9BBC98516428}
	EndGlobalSection
EndGlobal
